
Microsoft Visual Studio Solution File, Format Version 12.00
# Visual Studio Version 16
VisualStudioVersion = 16.0.29613.14
MinimumVisualStudioVersion = 10.0.40219.1
Project("{FAE04EC0-301F-11D3-BF4B-00C04F79EFBC}") = "Biglietteria", "Biglietteria\Biglietteria.csproj", "{4BCA3361-C45B-4F88-BCB3-B8FE167469DF}"
EndProject
Project("{FAE04EC0-301F-11D3-BF4B-00C04F79EFBC}") = "ClasseCliente", "Cliente\ClasseCliente.csproj", "{AD7CBBAE-1356-47F4-8EBB-F6FBB45541B3}"
EndProject
Global
	GlobalSection(SolutionConfigurationPlatforms) = preSolution
		Debug|Any CPU = Debug|Any CPU
		Release|Any CPU = Release|Any CPU
	EndGlobalSection
	GlobalSection(ProjectConfigurationPlatforms) = postSolution
		{4BCA3361-C45B-4F88-BCB3-B8FE167469DF}.Debug|Any CPU.ActiveCfg = Debug|Any CPU
		{4BCA3361-C45B-4F88-BCB3-B8FE167469DF}.Debug|Any CPU.Build.0 = Debug|Any CPU
		{4BCA3361-C45B-4F88-BCB3-B8FE167469DF}.Release|Any CPU.ActiveCfg = Release|Any CPU
		{4BCA3361-C45B-4F88-BCB3-B8FE167469DF}.Release|Any CPU.Build.0 = Release|Any CPU
		{AD7CBBAE-1356-47F4-8EBB-F6FBB45541B3}.Debug|Any CPU.ActiveCfg = Debug|Any CPU
		{AD7CBBAE-1356-47F4-8EBB-F6FBB45541B3}.Debug|Any CPU.Build.0 = Debug|Any CPU
		{AD7CBBAE-1356-47F4-8EBB-F6FBB45541B3}.Release|Any CPU.ActiveCfg = Release|Any CPU
		{AD7CBBAE-1356-47F4-8EBB-F6FBB45541B3}.Release|Any CPU.Build.0 = Release|Any CPU
	EndGlobalSection
	GlobalSection(SolutionProperties) = preSolution
		HideSolutionNode = FALSE
	EndGlobalSection
	GlobalSection(ExtensibilityGlobals) = postSolution
		SolutionGuid = {47FC6F12-EBA5-4541-85F9-70AEEFF36BB6}
	EndGlobalSection
EndGlobal
